// !$*UTF8*$!
{
	archiveVersion = 1;
	classes = {
	};
	objectVersion = 46;
	objects = {

/* Begin PBXBuildFile section */
		DF24D07D1E35DBC20075F5A5 /* AppDelegate.swift in Sources */ = {isa = PBXBuildFile; fileRef = DF24D07C1E35DBC20075F5A5 /* AppDelegate.swift */; };
		DF24D07F1E35DBC20075F5A5 /* ViewController.swift in Sources */ = {isa = PBXBuildFile; fileRef = DF24D07E1E35DBC20075F5A5 /* ViewController.swift */; };
		DF24D0821E35DBC20075F5A5 /* Main.storyboard in Resources */ = {isa = PBXBuildFile; fileRef = DF24D0801E35DBC20075F5A5 /* Main.storyboard */; };
		DF24D0841E35DBC20075F5A5 /* Assets.xcassets in Resources */ = {isa = PBXBuildFile; fileRef = DF24D0831E35DBC20075F5A5 /* Assets.xcassets */; };
		DF24D0871E35DBC20075F5A5 /* LaunchScreen.storyboard in Resources */ = {isa = PBXBuildFile; fileRef = DF24D0851E35DBC20075F5A5 /* LaunchScreen.storyboard */; };
/* End PBXBuildFile section */

/* Begin PBXFileReference section */
		DF24D0791E35DBC20075F5A5 /* studentHandbook.app */ = {isa = PBXFileReference; explicitFileType = wrapper.application; includeInIndex = 0; path = studentHandbook.app; sourceTree = BUILT_PRODUCTS_DIR; };
		DF24D07C1E35DBC20075F5A5 /* AppDelegate.swift */ = {isa = PBXFileReference; lastKnownFileType = sourcecode.swift; path = AppDelegate.swift; sourceTree = "<group>"; };
		DF24D07E1E35DBC20075F5A5 /* ViewController.swift */ = {isa = PBXFileReference; lastKnownFileType = sourcecode.swift; path = ViewController.swift; sourceTree = "<group>"; };
		DF24D0811E35DBC20075F5A5 /* Base */ = {isa = PBXFileReference; lastKnownFileType = file.storyboard; name = Base; path = Base.lproj/Main.storyboard; sourceTree = "<group>"; };
		DF24D0831E35DBC20075F5A5 /* Assets.xcassets */ = {isa = PBXFileReference; lastKnownFileType = folder.assetcatalog; path = Assets.xcassets; sourceTree = "<group>"; };
		DF24D0861E35DBC20075F5A5 /* Base */ = {isa = PBXFileReference; lastKnownFileType = file.storyboard; name = Base; path = Base.lproj/LaunchScreen.storyboard; sourceTree = "<group>"; };
		DF24D0881E35DBC20075F5A5 /* Info.plist */ = {isa = PBXFileReference; lastKnownFileType = text.plist.xml; path = Info.plist; sourceTree = "<group>"; };
/* End PBXFileReference section */

/* Begin PBXFrameworksBuildPhase section */
		DF24D0761E35DBC20075F5A5 /* Frameworks */ = {
			isa = PBXFrameworksBuildPhase;
			buildActionMask = 2147483647;
			files = (
			);
			runOnlyForDeploymentPostprocessing = 0;
		};
/* End PBXFrameworksBuildPhase section */

/* Begin PBXGroup section */
		DF24D0701E35DBC20075F5A5 = {
			isa = PBXGroup;
			children = (
				DF24D07B1E35DBC20075F5A5 /* studentHandbook */,
				DF24D07A1E35DBC20075F5A5 /* Products */,
			);
			sourceTree = "<group>";
		};
		DF24D07A1E35DBC20075F5A5 /* Products */ = {
			isa = PBXGroup;
			children = (
				DF24D0791E35DBC20075F5A5 /* studentHandbook.app */,
			);
			name = Products;
			sourceTree = "<group>";
		};
		DF24D07B1E35DBC20075F5A5 /* studentHandbook */ = {
			isa = PBXGroup;
			children = (
				DF24D07C1E35DBC20075F5A5 /* AppDelegate.swift */,
				DF24D07E1E35DBC20075F5A5 /* ViewController.swift */,
				DF24D0801E35DBC20075F5A5 /* Main.storyboard */,
				DF24D0831E35DBC20075F5A5 /* Assets.xcassets */,
				DF24D0851E35DBC20075F5A5 /* LaunchScreen.storyboard */,
				DF24D0881E35DBC20075F5A5 /* Info.plist */,
			);
			path = studentHandbook;
			sourceTree = "<group>";
		};
/* End PBXGroup section */

/* Begin PBXNativeTarget section */
		DF24D0781E35DBC20075F5A5 /* studentHandbook */ = {
			isa = PBXNativeTarget;
			buildConfigurationList = DF24D08B1E35DBC20075F5A5 /* Build configuration list for PBXNativeTarget "studentHandbook" */;
			buildPhases = (
				DF24D0751E35DBC20075F5A5 /* Sources */,
				DF24D0761E35DBC20075F5A5 /* Frameworks */,
				DF24D0771E35DBC20075F5A5 /* Resources */,
			);
			buildRules = (
			);
			dependencies = (
			);
			name = studentHandbook;
			productName = studentHandbook;
			productReference = DF24D0791E35DBC20075F5A5 /* studentHandbook.app */;
			productType = "com.apple.product-type.application";
		};
/* End PBXNativeTarget section */

/* Begin PBXProject section */
		DF24D0711E35DBC20075F5A5 /* Project object */ = {
			isa = PBXProject;
			attributes = {
				LastSwiftUpdateCheck = 0820;
				LastUpgradeCheck = 0820;
				ORGANIZATIONNAME = "Rengar Tsoi";
				TargetAttributes = {
					DF24D0781E35DBC20075F5A5 = {
						CreatedOnToolsVersion = 8.2.1;
						ProvisioningStyle = Automatic;
					};
				};
			};
			buildConfigurationList = DF24D0741E35DBC20075F5A5 /* Build configuration list for PBXProject "studentHandbook" */;
			compatibilityVersion = "Xcode 3.2";
			developmentRegion = English;
			hasScannedForEncodings = 0;
			knownRegions = (
				en,
				Base,
			);
			mainGroup = DF24D0701E35DBC20075F5A5;
			productRefGroup = DF24D07A1E35DBC20075F5A5 /* Products */;
			projectDirPath = "";
			projectRoot = "";
			targets = (
				DF24D0781E35DBC20075F5A5 /* studentHandbook */,
			);
		};
/* End PBXProject section */

/* Begin PBXResourcesBuildPhase section */
		DF24D0771E35DBC20075F5A5 /* Resources */ = {
			isa = PBXResourcesBuildPhase;
			buildActionMask = 2147483647;
			files = (
				DF24D0871E35DBC20075F5A5 /* LaunchScreen.storyboard in Resources */,
				DF24D0841E35DBC20075F5A5 /* Assets.xcassets in Resources */,
				DF24D0821E35DBC20075F5A5 /* Main.storyboard in Resources */,
			);
			runOnlyForDeploymentPostprocessing = 0;
		};
/* End PBXResourcesBuildPhase section */

/* Begin PBXSourcesBuildPhase section */
		DF24D0751E35DBC20075F5A5 /* Sources */ = {
			isa = PBXSourcesBuildPhase;
			buildActionMask = 2147483647;
			files = (
				DF24D07F1E35DBC20075F5A5 /* ViewController.swift in Sources */,
				DF24D07D1E35DBC20075F5A5 /* AppDelegate.swift in Sources */,
			);
			runOnlyForDeploymentPostprocessing = 0;
		};
/* End PBXSourcesBuildPhase section */

/* Begin PBXVariantGroup section */
		DF24D0801E35DBC20075F5A5 /* Main.storyboard */ = {
			isa = PBXVariantGroup;
			children = (
				DF24D0811E35DBC20075F5A5 /* Base */,
			);
			name = Main.storyboard;
			sourceTree = "<group>";
		};
		DF24D0851E35DBC20075F5A5 /* LaunchScreen.storyboard */ = {
			isa = PBXVariantGroup;
			children = (
				DF24D0861E35DBC20075F5A5 /* Base */,
			);
			name = LaunchScreen.storyboard;
			sourceTree = "<group>";
		};
/* End PBXVariantGroup section */

/* Begin XCBuildConfiguration section */
		DF24D0891E35DBC20075F5A5 /* Debug */ = {
			isa = XCBuildConfiguration;
			buildSettings = {
				ALWAYS_SEARCH_USER_PATHS = NO;
				CLANG_ANALYZER_NONNULL = YES;
				CLANG_CXX_LANGUAGE_STANDARD = "gnu++0x";
				CLANG_CXX_LIBRARY = "libc++";
				CLANG_ENABLE_MODULES = YES;
				CLANG_ENABLE_OBJC_ARC = YES;
				CLANG_WARN_BOOL_CONVERSION = YES;
				CLANG_WARN_CONSTANT_CONVERSION = YES;
				CLANG_WARN_DIRECT_OBJC_ISA_USAGE = YES_ERROR;
				CLANG_WARN_DOCUMENTATION_COMMENTS = YES;
				CLANG_WARN_EMPTY_BODY = YES;
				CLANG_WARN_ENUM_CONVERSION = YES;
				CLANG_WARN_INFINITE_RECURSION = YES;
				CLANG_WARN_INT_CONVERSION = YES;
				CLANG_WARN_OBJC_ROOT_CLASS = YES_ERROR;
				CLANG_WARN_SUSPICIOUS_MOVE = YES;
				CLANG_WARN_UNREACHABLE_CODE = YES;
				CLANG_WARN__DUPLICATE_METHOD_MATCH = YES;
				"CODE_SIGN_IDENTITY[sdk=iphoneos*]" = "iPhone Developer";
				COPY_PHASE_STRIP = NO;
				DEBUG_INFORMATION_FORMAT = dwarf;
				ENABLE_STRICT_OBJC_MSGSEND = YES;
				ENABLE_TESTABILITY = YES;
				GCC_C_LANGUAGE_STANDARD = gnu99;
				GCC_DYNAMIC_NO_PIC = NO;
				GCC_NO_COMMON_BLOCKS = YES;
				GCC_OPTIMIZATION_LEVEL = 0;
				GCC_PREPROCESSOR_DEFINITIONS = (
					"DEBUG=1",
					"$(inherited)",
				);
				GCC_WARN_64_TO_32_BIT_CONVERSION = YES;
				GCC_WARN_ABOUT_RETURN_TYPE = YES_ERROR;
				GCC_WARN_UNDECLARED_SELECTOR = YES;
				GCC_WARN_UNINITIALIZED_AUTOS = YES_AGGRESSIVE;
				GCC_WARN_UNUSED_FUNCTION = YES;
				GCC_WARN_UNUSED_VARIABLE = YES;
				IPHONEOS_DEPLOYMENT_TARGET = 10.2;
				MTL_ENABLE_DEBUG_INFO = YES;
				ONLY_ACTIVE_ARCH = YES;
				SDKROOT = iphoneos;
				SWIFT_ACTIVE_COMPILATION_CONDITIONS = DEBUG;
				SWIFT_OPTIMIZATION_LEVEL = "-Onone";
				TARGETED_DEVICE_FAMILY = "1,2";
			};
			name = Debug;
		};
		DF24D08A1E35DBC20075F5A5 /* Release */ = {
			isa = XCBuildConfiguration;
			buildSettings = {
				ALWAYS_SEARCH_USER_PATHS = NO;
				CLANG_ANALYZER_NONNULL = YES;
				CLANG_CXX_LANGUAGE_STANDARD = "gnu++0x";
				CLANG_CXX_LIBRARY = "libc++";
				CLANG_ENABLE_MODULES = YES;
				CLANG_ENABLE_OBJC_ARC = YES;
				CLANG_WARN_BOOL_CONVERSION = YES;
				CLANG_WARN_CONSTANT_CONVERSION = YES;
				CLANG_WARN_DIRECT_OBJC_ISA_USAGE = YES_ERROR;
				CLANG_WARN_DOCUMENTATION_COMMENTS = YES;
				CLANG_WARN_EMPTY_BODY = YES;
				CLANG_WARN_ENUM_CONVERSION = YES;
				CLANG_WARN_INFINITE_RECURSION = YES;
				CLANG_WARN_INT_CONVERSION = YES;
				CLANG_WARN_OBJC_ROOT_CLASS = YES_ERROR;
				CLANG_WARN_SUSPICIOUS_MOVE = YES;
				CLANG_WARN_UNREACHABLE_CODE = YES;
				CLANG_WARN__DUPLICATE_METHOD_MATCH = YES;
				"CODE_SIGN_IDENTITY[sdk=iphoneos*]" = "iPhone Developer";
				COPY_PHASE_STRIP = NO;
				DEBUG_INFORMATION_FORMAT = "dwarf-with-dsym";
				ENABLE_NS_ASSERTIONS = NO;
				ENABLE_STRICT_OBJC_MSGSEND = YES;
				GCC_C_LANGUAGE_STANDARD = gnu99;
				GCC_NO_COMMON_BLOCKS = YES;
				GCC_WARN_64_TO_32_BIT_CONVERSION = YES;
				GCC_WARN_ABOUT_RETURN_TYPE = YES_ERROR;
				GCC_WARN_UNDECLARED_SELECTOR = YES;
				GCC_WARN_UNINITIALIZED_AUTOS = YES_AGGRESSIVE;
				GCC_WARN_UNUSED_FUNCTION = YES;
				GCC_WARN_UNUSED_VARIABLE = YES;
				IPHONEOS_DEPLOYMENT_TARGET = 10.2;
				MTL_ENABLE_DEBUG_INFO = NO;
				SDKROOT = iphoneos;
				SWIFT_OPTIMIZATION_LEVEL = "-Owholemodule";
				TARGETED_DEVICE_FAMILY = "1,2";
				VALIDATE_PRODUCT = YES;
			};
			name = Release;
		};
		DF24D08C1E35DBC20075F5A5 /* Debug */ = {
			isa = XCBuildConfiguration;
			buildSettings = {
				ASSETCATALOG_COMPILER_APPICON_NAME = AppIcon;
				INFOPLIST_FILE = studentHandbook/Info.plist;
				LD_RUNPATH_SEARCH_PATHS = "$(inherited) @executable_path/Frameworks";
				PRODUCT_BUNDLE_IDENTIFIER = edu.self.studentHandbook;
				PRODUCT_NAME = "$(TARGET_NAME)";
				SWIFT_VERSION = 3.0;
			};
			name = Debug;
		};
		DF24D08D1E35DBC20075F5A5 /* Release */ = {
			isa = XCBuildConfiguration;
			buildSettings = {
				ASSETCATALOG_COMPILER_APPICON_NAME = AppIcon;
				INFOPLIST_FILE = studentHandbook/Info.plist;
				LD_RUNPATH_SEARCH_PATHS = "$(inherited) @executable_path/Frameworks";
				PRODUCT_BUNDLE_IDENTIFIER = edu.self.studentHandbook;
				PRODUCT_NAME = "$(TARGET_NAME)";
				SWIFT_VERSION = 3.0;
			};
			name = Release;
		};
/* End XCBuildConfiguration section */

/* Begin XCConfigurationList section */
		DF24D0741E35DBC20075F5A5 /* Build configuration list for PBXProject "studentHandbook" */ = {
			isa = XCConfigurationList;
			buildConfigurations = (
				DF24D0891E35DBC20075F5A5 /* Debug */,
				DF24D08A1E35DBC20075F5A5 /* Release */,
			);
			defaultConfigurationIsVisible = 0;
			defaultConfigurationName = Release;
		};
		DF24D08B1E35DBC20075F5A5 /* Build configuration list for PBXNativeTarget "studentHandbook" */ = {
			isa = XCConfigurationList;
			buildConfigurations = (
				DF24D08C1E35DBC20075F5A5 /* Debug */,
				DF24D08D1E35DBC20075F5A5 /* Release */,
			);
			defaultConfigurationIsVisible = 0;
		};
/* End XCConfigurationList section */
	};
	rootObject = DF24D0711E35DBC20075F5A5 /* Project object */;
}
